
Microsoft Visual Studio Solution File, Format Version 12.00
# Visual Studio Version 17
VisualStudioVersion = 17.0.32112.339
MinimumVisualStudioVersion = 10.0.40219.1
Project("{FAE04EC0-301F-11D3-BF4B-00C04F79EFBC}") = "Libraryaa", "Libraryaa\Libraryaa.csproj", "{BCA174C9-451D-4CC7-ADF5-DB52FA990BB1}"
EndProject
Project("{FAE04EC0-301F-11D3-BF4B-00C04F79EFBC}") = "App", "App\App.csproj", "{E040568F-A86D-4E86-8533-F5CC879A1163}"
EndProject
Global
	GlobalSection(SolutionConfigurationPlatforms) = preSolution
		Debug|Any CPU = Debug|Any CPU
		Release|Any CPU = Release|Any CPU
	EndGlobalSection
	GlobalSection(ProjectConfigurationPlatforms) = postSolution
		{BCA174C9-451D-4CC7-ADF5-DB52FA990BB1}.Debug|Any CPU.ActiveCfg = Debug|Any CPU
		{BCA174C9-451D-4CC7-ADF5-DB52FA990BB1}.Debug|Any CPU.Build.0 = Debug|Any CPU
		{BCA174C9-451D-4CC7-ADF5-DB52FA990BB1}.Release|Any CPU.ActiveCfg = Release|Any CPU
		{BCA174C9-451D-4CC7-ADF5-DB52FA990BB1}.Release|Any CPU.Build.0 = Release|Any CPU
		{E040568F-A86D-4E86-8533-F5CC879A1163}.Debug|Any CPU.ActiveCfg = Debug|Any CPU
		{E040568F-A86D-4E86-8533-F5CC879A1163}.Debug|Any CPU.Build.0 = Debug|Any CPU
		{E040568F-A86D-4E86-8533-F5CC879A1163}.Release|Any CPU.ActiveCfg = Release|Any CPU
		{E040568F-A86D-4E86-8533-F5CC879A1163}.Release|Any CPU.Build.0 = Release|Any CPU
	EndGlobalSection
	GlobalSection(SolutionProperties) = preSolution
		HideSolutionNode = FALSE
	EndGlobalSection
	GlobalSection(ExtensibilityGlobals) = postSolution
		SolutionGuid = {3D1D1FC4-5617-4049-A0C9-D8107AA37686}
	EndGlobalSection
EndGlobal
